
Microsoft Visual Studio Solution File, Format Version 12.00
# Visual Studio Version 17
VisualStudioVersion = 17.0.31903.59
MinimumVisualStudioVersion = 10.0.40219.1
Project("{FAE04EC0-301F-11D3-BF4B-00C04F79EFBC}") = "Api", "Api\Api.csproj", "{5E7DCE41-DB9E-4D6D-8144-1C992D2AA478}"
EndProject
Project("{FAE04EC0-301F-11D3-BF4B-00C04F79EFBC}") = "Application", "Application\Application.csproj", "{42CBF379-4489-4CBA-9774-AB10358D0C80}"
EndProject
Project("{FAE04EC0-301F-11D3-BF4B-00C04F79EFBC}") = "Domain", "Domain\Domain.csproj", "{389EC7AA-6C2D-4887-84FB-A789A6F113F4}"
EndProject
Project("{FAE04EC0-301F-11D3-BF4B-00C04F79EFBC}") = "Infrastructure", "Infrastructure\Infrastructure.csproj", "{80DF65D4-1ADE-411E-8F3B-4450C6165550}"
EndProject
Global
	GlobalSection(SolutionConfigurationPlatforms) = preSolution
		Debug|Any CPU = Debug|Any CPU
		Release|Any CPU = Release|Any CPU
	EndGlobalSection
	GlobalSection(SolutionProperties) = preSolution
		HideSolutionNode = FALSE
	EndGlobalSection
	GlobalSection(ProjectConfigurationPlatforms) = postSolution
		{5E7DCE41-DB9E-4D6D-8144-1C992D2AA478}.Debug|Any CPU.ActiveCfg = Debug|Any CPU
		{5E7DCE41-DB9E-4D6D-8144-1C992D2AA478}.Debug|Any CPU.Build.0 = Debug|Any CPU
		{5E7DCE41-DB9E-4D6D-8144-1C992D2AA478}.Release|Any CPU.ActiveCfg = Release|Any CPU
		{5E7DCE41-DB9E-4D6D-8144-1C992D2AA478}.Release|Any CPU.Build.0 = Release|Any CPU
		{42CBF379-4489-4CBA-9774-AB10358D0C80}.Debug|Any CPU.ActiveCfg = Debug|Any CPU
		{42CBF379-4489-4CBA-9774-AB10358D0C80}.Debug|Any CPU.Build.0 = Debug|Any CPU
		{42CBF379-4489-4CBA-9774-AB10358D0C80}.Release|Any CPU.ActiveCfg = Release|Any CPU
		{42CBF379-4489-4CBA-9774-AB10358D0C80}.Release|Any CPU.Build.0 = Release|Any CPU
		{389EC7AA-6C2D-4887-84FB-A789A6F113F4}.Debug|Any CPU.ActiveCfg = Debug|Any CPU
		{389EC7AA-6C2D-4887-84FB-A789A6F113F4}.Debug|Any CPU.Build.0 = Debug|Any CPU
		{389EC7AA-6C2D-4887-84FB-A789A6F113F4}.Release|Any CPU.ActiveCfg = Release|Any CPU
		{389EC7AA-6C2D-4887-84FB-A789A6F113F4}.Release|Any CPU.Build.0 = Release|Any CPU
		{80DF65D4-1ADE-411E-8F3B-4450C6165550}.Debug|Any CPU.ActiveCfg = Debug|Any CPU
		{80DF65D4-1ADE-411E-8F3B-4450C6165550}.Debug|Any CPU.Build.0 = Debug|Any CPU
		{80DF65D4-1ADE-411E-8F3B-4450C6165550}.Release|Any CPU.ActiveCfg = Release|Any CPU
		{80DF65D4-1ADE-411E-8F3B-4450C6165550}.Release|Any CPU.Build.0 = Release|Any CPU
	EndGlobalSection
EndGlobal
